// !$*UTF8*$!
{
	archiveVersion = 1;
	classes = {
	};
	objectVersion = 56;
	objects = {

/* Begin PBXBuildFile section */
		E019C2F129C203F800867CDB /* Localizable.strings in Resources */ = {isa = PBXBuildFile; fileRef = E019C2F329C203F800867CDB /* Localizable.strings */; };
		E019C2F629C2146F00867CDB /* SchoolExtraDataModel.swift in Sources */ = {isa = PBXBuildFile; fileRef = E019C2F529C2146F00867CDB /* SchoolExtraDataModel.swift */; };
		E019C2F829C254CF00867CDB /* SchoolTableViewCell.swift in Sources */ = {isa = PBXBuildFile; fileRef = E019C2F729C254CF00867CDB /* SchoolTableViewCell.swift */; };
		E019C33629C2BD6600867CDB /* SchoolDataManager.swift in Sources */ = {isa = PBXBuildFile; fileRef = E019C33529C2BD6600867CDB /* SchoolDataManager.swift */; };
		E04DC0F329C1595E00C604C8 /* AppDelegate.swift in Sources */ = {isa = PBXBuildFile; fileRef = E04DC0F229C1595E00C604C8 /* AppDelegate.swift */; };
		E04DC0F529C1595E00C604C8 /* SceneDelegate.swift in Sources */ = {isa = PBXBuildFile; fileRef = E04DC0F429C1595E00C604C8 /* SceneDelegate.swift */; };
		E04DC0F729C1595E00C604C8 /* SchoolDetailViewController.swift in Sources */ = {isa = PBXBuildFile; fileRef = E04DC0F629C1595E00C604C8 /* SchoolDetailViewController.swift */; };
		E04DC0FC29C1595F00C604C8 /* Assets.xcassets in Resources */ = {isa = PBXBuildFile; fileRef = E04DC0FB29C1595F00C604C8 /* Assets.xcassets */; };
		E04DC0FF29C1595F00C604C8 /* LaunchScreen.storyboard in Resources */ = {isa = PBXBuildFile; fileRef = E04DC0FD29C1595F00C604C8 /* LaunchScreen.storyboard */; };
		E04DC10A29C1595F00C604C8 /* NYCSchoolsTests.swift in Sources */ = {isa = PBXBuildFile; fileRef = E04DC10929C1595F00C604C8 /* NYCSchoolsTests.swift */; };
		E04DC11429C1595F00C604C8 /* NYCSchoolsUITests.swift in Sources */ = {isa = PBXBuildFile; fileRef = E04DC11329C1595F00C604C8 /* NYCSchoolsUITests.swift */; };
		E04DC11629C1595F00C604C8 /* NYCSchoolsUITestsLaunchTests.swift in Sources */ = {isa = PBXBuildFile; fileRef = E04DC11529C1595F00C604C8 /* NYCSchoolsUITestsLaunchTests.swift */; };
		E04DC12329C159B100C604C8 /* SchoolDataModel.swift in Sources */ = {isa = PBXBuildFile; fileRef = E04DC12229C159B100C604C8 /* SchoolDataModel.swift */; };
		E04DC12529C159F800C604C8 /* SchoolsListViewController.swift in Sources */ = {isa = PBXBuildFile; fileRef = E04DC12429C159F800C604C8 /* SchoolsListViewController.swift */; };
		E04DC12729C15A1800C604C8 /* SchoolsDataViewModel.swift in Sources */ = {isa = PBXBuildFile; fileRef = E04DC12629C15A1800C604C8 /* SchoolsDataViewModel.swift */; };
		E04DC12929C15A3700C604C8 /* DataTaskAPIService.swift in Sources */ = {isa = PBXBuildFile; fileRef = E04DC12829C15A3700C604C8 /* DataTaskAPIService.swift */; };
		E04DC12B29C15A5700C604C8 /* Utility.swift in Sources */ = {isa = PBXBuildFile; fileRef = E04DC12A29C15A5700C604C8 /* Utility.swift */; };
/* End PBXBuildFile section */

/* Begin PBXContainerItemProxy section */
		E04DC10629C1595F00C604C8 /* PBXContainerItemProxy */ = {
			isa = PBXContainerItemProxy;
			containerPortal = E04DC0E729C1595E00C604C8 /* Project object */;
			proxyType = 1;
			remoteGlobalIDString = E04DC0EE29C1595E00C604C8;
			remoteInfo = NYCSchools;
		};
		E04DC11029C1595F00C604C8 /* PBXContainerItemProxy */ = {
			isa = PBXContainerItemProxy;
			containerPortal = E04DC0E729C1595E00C604C8 /* Project object */;
			proxyType = 1;
			remoteGlobalIDString = E04DC0EE29C1595E00C604C8;
			remoteInfo = NYCSchools;
		};
/* End PBXContainerItemProxy section */

/* Begin PBXFileReference section */
		E019C2EE29C203D300867CDB /* es */ = {isa = PBXFileReference; lastKnownFileType = text.plist.strings; name = es; path = es.lproj/LaunchScreen.strings; sourceTree = "<group>"; };
		E019C2F229C203F800867CDB /* en */ = {isa = PBXFileReference; lastKnownFileType = text.plist.strings; name = en; path = en.lproj/Localizable.strings; sourceTree = "<group>"; };
		E019C2F429C203FB00867CDB /* es */ = {isa = PBXFileReference; lastKnownFileType = text.plist.strings; name = es; path = es.lproj/Localizable.strings; sourceTree = "<group>"; };
		E019C2F529C2146F00867CDB /* SchoolExtraDataModel.swift */ = {isa = PBXFileReference; lastKnownFileType = sourcecode.swift; path = SchoolExtraDataModel.swift; sourceTree = "<group>"; };
		E019C2F729C254CF00867CDB /* SchoolTableViewCell.swift */ = {isa = PBXFileReference; lastKnownFileType = sourcecode.swift; path = SchoolTableViewCell.swift; sourceTree = "<group>"; };
		E019C33529C2BD6600867CDB /* SchoolDataManager.swift */ = {isa = PBXFileReference; lastKnownFileType = sourcecode.swift; path = SchoolDataManager.swift; sourceTree = "<group>"; };
		E04DC0EF29C1595E00C604C8 /* NYCSchools.app */ = {isa = PBXFileReference; explicitFileType = wrapper.application; includeInIndex = 0; path = NYCSchools.app; sourceTree = BUILT_PRODUCTS_DIR; };
		E04DC0F229C1595E00C604C8 /* AppDelegate.swift */ = {isa = PBXFileReference; lastKnownFileType = sourcecode.swift; path = AppDelegate.swift; sourceTree = "<group>"; };
		E04DC0F429C1595E00C604C8 /* SceneDelegate.swift */ = {isa = PBXFileReference; lastKnownFileType = sourcecode.swift; path = SceneDelegate.swift; sourceTree = "<group>"; };
		E04DC0F629C1595E00C604C8 /* SchoolDetailViewController.swift */ = {isa = PBXFileReference; lastKnownFileType = sourcecode.swift; path = SchoolDetailViewController.swift; sourceTree = "<group>"; };
		E04DC0FB29C1595F00C604C8 /* Assets.xcassets */ = {isa = PBXFileReference; lastKnownFileType = folder.assetcatalog; path = Assets.xcassets; sourceTree = "<group>"; };
		E04DC0FE29C1595F00C604C8 /* Base */ = {isa = PBXFileReference; lastKnownFileType = file.storyboard; name = Base; path = Base.lproj/LaunchScreen.storyboard; sourceTree = "<group>"; };
		E04DC10029C1595F00C604C8 /* Info.plist */ = {isa = PBXFileReference; lastKnownFileType = text.plist.xml; path = Info.plist; sourceTree = "<group>"; };
		E04DC10529C1595F00C604C8 /* NYCSchoolsTests.xctest */ = {isa = PBXFileReference; explicitFileType = wrapper.cfbundle; includeInIndex = 0; path = NYCSchoolsTests.xctest; sourceTree = BUILT_PRODUCTS_DIR; };
		E04DC10929C1595F00C604C8 /* NYCSchoolsTests.swift */ = {isa = PBXFileReference; lastKnownFileType = sourcecode.swift; path = NYCSchoolsTests.swift; sourceTree = "<group>"; };
		E04DC10F29C1595F00C604C8 /* NYCSchoolsUITests.xctest */ = {isa = PBXFileReference; explicitFileType = wrapper.cfbundle; includeInIndex = 0; path = NYCSchoolsUITests.xctest; sourceTree = BUILT_PRODUCTS_DIR; };
		E04DC11329C1595F00C604C8 /* NYCSchoolsUITests.swift */ = {isa = PBXFileReference; lastKnownFileType = sourcecode.swift; path = NYCSchoolsUITests.swift; sourceTree = "<group>"; };
		E04DC11529C1595F00C604C8 /* NYCSchoolsUITestsLaunchTests.swift */ = {isa = PBXFileReference; lastKnownFileType = sourcecode.swift; path = NYCSchoolsUITestsLaunchTests.swift; sourceTree = "<group>"; };
		E04DC12229C159B100C604C8 /* SchoolDataModel.swift */ = {isa = PBXFileReference; lastKnownFileType = sourcecode.swift; path = SchoolDataModel.swift; sourceTree = "<group>"; };
		E04DC12429C159F800C604C8 /* SchoolsListViewController.swift */ = {isa = PBXFileReference; lastKnownFileType = sourcecode.swift; path = SchoolsListViewController.swift; sourceTree = "<group>"; };
		E04DC12629C15A1800C604C8 /* SchoolsDataViewModel.swift */ = {isa = PBXFileReference; lastKnownFileType = sourcecode.swift; path = SchoolsDataViewModel.swift; sourceTree = "<group>"; };
		E04DC12829C15A3700C604C8 /* DataTaskAPIService.swift */ = {isa = PBXFileReference; lastKnownFileType = sourcecode.swift; path = DataTaskAPIService.swift; sourceTree = "<group>"; };
		E04DC12A29C15A5700C604C8 /* Utility.swift */ = {isa = PBXFileReference; lastKnownFileType = sourcecode.swift; path = Utility.swift; sourceTree = "<group>"; };
		E04DC13029C15CDB00C604C8 /* ProdConfig.xcconfig */ = {isa = PBXFileReference; lastKnownFileType = text.xcconfig; path = ProdConfig.xcconfig; sourceTree = "<group>"; };
		E04DC13129C15CF400C604C8 /* DevConfig.xcconfig */ = {isa = PBXFileReference; lastKnownFileType = text.xcconfig; path = DevConfig.xcconfig; sourceTree = "<group>"; };
/* End PBXFileReference section */

/* Begin PBXFrameworksBuildPhase section */
		E04DC0EC29C1595E00C604C8 /* Frameworks */ = {
			isa = PBXFrameworksBuildPhase;
			buildActionMask = 2147483647;
			files = (
			);
			runOnlyForDeploymentPostprocessing = 0;
		};
		E04DC10229C1595F00C604C8 /* Frameworks */ = {
			isa = PBXFrameworksBuildPhase;
			buildActionMask = 2147483647;
			files = (
			);
			runOnlyForDeploymentPostprocessing = 0;
		};
		E04DC10C29C1595F00C604C8 /* Frameworks */ = {
			isa = PBXFrameworksBuildPhase;
			buildActionMask = 2147483647;
			files = (
			);
			runOnlyForDeploymentPostprocessing = 0;
		};
/* End PBXFrameworksBuildPhase section */

/* Begin PBXGroup section */
		E04DC0E629C1595E00C604C8 = {
			isa = PBXGroup;
			children = (
				E04DC0F129C1595E00C604C8 /* NYCSchools */,
				E04DC10829C1595F00C604C8 /* NYCSchoolsTests */,
				E04DC11229C1595F00C604C8 /* NYCSchoolsUITests */,
				E04DC0F029C1595E00C604C8 /* Products */,
			);
			sourceTree = "<group>";
		};
		E04DC0F029C1595E00C604C8 /* Products */ = {
			isa = PBXGroup;
			children = (
				E04DC0EF29C1595E00C604C8 /* NYCSchools.app */,
				E04DC10529C1595F00C604C8 /* NYCSchoolsTests.xctest */,
				E04DC10F29C1595F00C604C8 /* NYCSchoolsUITests.xctest */,
			);
			name = Products;
			sourceTree = "<group>";
		};
		E04DC0F129C1595E00C604C8 /* NYCSchools */ = {
			isa = PBXGroup;
			children = (
				E04DC12D29C15B6800C604C8 /* Model */,
				E04DC12C29C15B6000C604C8 /* View */,
				E04DC12E29C15B6E00C604C8 /* ViewModel */,
				E04DC12F29C15B8500C604C8 /* Services */,
				E04DC0F229C1595E00C604C8 /* AppDelegate.swift */,
				E04DC0F429C1595E00C604C8 /* SceneDelegate.swift */,
				E019C2F329C203F800867CDB /* Localizable.strings */,
				E04DC13129C15CF400C604C8 /* DevConfig.xcconfig */,
				E04DC13029C15CDB00C604C8 /* ProdConfig.xcconfig */,
				E04DC0FB29C1595F00C604C8 /* Assets.xcassets */,
				E04DC0FD29C1595F00C604C8 /* LaunchScreen.storyboard */,
				E04DC10029C1595F00C604C8 /* Info.plist */,
			);
			path = NYCSchools;
			sourceTree = "<group>";
		};
		E04DC10829C1595F00C604C8 /* NYCSchoolsTests */ = {
			isa = PBXGroup;
			children = (
				E04DC10929C1595F00C604C8 /* NYCSchoolsTests.swift */,
			);
			path = NYCSchoolsTests;
			sourceTree = "<group>";
		};
		E04DC11229C1595F00C604C8 /* NYCSchoolsUITests */ = {
			isa = PBXGroup;
			children = (
				E04DC11329C1595F00C604C8 /* NYCSchoolsUITests.swift */,
				E04DC11529C1595F00C604C8 /* NYCSchoolsUITestsLaunchTests.swift */,
			);
			path = NYCSchoolsUITests;
			sourceTree = "<group>";
		};
		E04DC12C29C15B6000C604C8 /* View */ = {
			isa = PBXGroup;
			children = (
				E04DC12429C159F800C604C8 /* SchoolsListViewController.swift */,
				E04DC0F629C1595E00C604C8 /* SchoolDetailViewController.swift */,
				E019C2F729C254CF00867CDB /* SchoolTableViewCell.swift */,
			);
			path = View;
			sourceTree = "<group>";
		};
		E04DC12D29C15B6800C604C8 /* Model */ = {
			isa = PBXGroup;
			children = (
				E04DC12229C159B100C604C8 /* SchoolDataModel.swift */,
				E019C2F529C2146F00867CDB /* SchoolExtraDataModel.swift */,
			);
			path = Model;
			sourceTree = "<group>";
		};
		E04DC12E29C15B6E00C604C8 /* ViewModel */ = {
			isa = PBXGroup;
			children = (
				E04DC12629C15A1800C604C8 /* SchoolsDataViewModel.swift */,
			);
			path = ViewModel;
			sourceTree = "<group>";
		};
		E04DC12F29C15B8500C604C8 /* Services */ = {
			isa = PBXGroup;
			children = (
				E04DC12A29C15A5700C604C8 /* Utility.swift */,
				E04DC12829C15A3700C604C8 /* DataTaskAPIService.swift */,
				E019C33529C2BD6600867CDB /* SchoolDataManager.swift */,
			);
			path = Services;
			sourceTree = "<group>";
		};
/* End PBXGroup section */

/* Begin PBXNativeTarget section */
		E04DC0EE29C1595E00C604C8 /* NYCSchools */ = {
			isa = PBXNativeTarget;
			buildConfigurationList = E04DC11929C1595F00C604C8 /* Build configuration list for PBXNativeTarget "NYCSchools" */;
			buildPhases = (
				E04DC0EB29C1595E00C604C8 /* Sources */,
				E04DC0EC29C1595E00C604C8 /* Frameworks */,
				E04DC0ED29C1595E00C604C8 /* Resources */,
			);
			buildRules = (
			);
			dependencies = (
			);
			name = NYCSchools;
			productName = NYCSchools;
			productReference = E04DC0EF29C1595E00C604C8 /* NYCSchools.app */;
			productType = "com.apple.product-type.application";
		};
		E04DC10429C1595F00C604C8 /* NYCSchoolsTests */ = {
			isa = PBXNativeTarget;
			buildConfigurationList = E04DC11C29C1595F00C604C8 /* Build configuration list for PBXNativeTarget "NYCSchoolsTests" */;
			buildPhases = (
				E04DC10129C1595F00C604C8 /* Sources */,
				E04DC10229C1595F00C604C8 /* Frameworks */,
				E04DC10329C1595F00C604C8 /* Resources */,
			);
			buildRules = (
			);
			dependencies = (
				E04DC10729C1595F00C604C8 /* PBXTargetDependency */,
			);
			name = NYCSchoolsTests;
			productName = NYCSchoolsTests;
			productReference = E04DC10529C1595F00C604C8 /* NYCSchoolsTests.xctest */;
			productType = "com.apple.product-type.bundle.unit-test";
		};
		E04DC10E29C1595F00C604C8 /* NYCSchoolsUITests */ = {
			isa = PBXNativeTarget;
			buildConfigurationList = E04DC11F29C1595F00C604C8 /* Build configuration list for PBXNativeTarget "NYCSchoolsUITests" */;
			buildPhases = (
				E04DC10B29C1595F00C604C8 /* Sources */,
				E04DC10C29C1595F00C604C8 /* Frameworks */,
				E04DC10D29C1595F00C604C8 /* Resources */,
			);
			buildRules = (
			);
			dependencies = (
				E04DC11129C1595F00C604C8 /* PBXTargetDependency */,
			);
			name = NYCSchoolsUITests;
			productName = NYCSchoolsUITests;
			productReference = E04DC10F29C1595F00C604C8 /* NYCSchoolsUITests.xctest */;
			productType = "com.apple.product-type.bundle.ui-testing";
		};
/* End PBXNativeTarget section */

/* Begin PBXProject section */
		E04DC0E729C1595E00C604C8 /* Project object */ = {
			isa = PBXProject;
			attributes = {
				BuildIndependentTargetsInParallel = 1;
				LastSwiftUpdateCheck = 1420;
				LastUpgradeCheck = 1420;
				TargetAttributes = {
					E04DC0EE29C1595E00C604C8 = {
						CreatedOnToolsVersion = 14.2;
					};
					E04DC10429C1595F00C604C8 = {
						CreatedOnToolsVersion = 14.2;
						TestTargetID = E04DC0EE29C1595E00C604C8;
					};
					E04DC10E29C1595F00C604C8 = {
						CreatedOnToolsVersion = 14.2;
						TestTargetID = E04DC0EE29C1595E00C604C8;
					};
				};
			};
			buildConfigurationList = E04DC0EA29C1595E00C604C8 /* Build configuration list for PBXProject "NYCSchools" */;
			compatibilityVersion = "Xcode 14.0";
			developmentRegion = en;
			hasScannedForEncodings = 0;
			knownRegions = (
				en,
				Base,
				es,
			);
			mainGroup = E04DC0E629C1595E00C604C8;
			productRefGroup = E04DC0F029C1595E00C604C8 /* Products */;
			projectDirPath = "";
			projectRoot = "";
			targets = (
				E04DC0EE29C1595E00C604C8 /* NYCSchools */,
				E04DC10429C1595F00C604C8 /* NYCSchoolsTests */,
				E04DC10E29C1595F00C604C8 /* NYCSchoolsUITests */,
			);
		};
/* End PBXProject section */

/* Begin PBXResourcesBuildPhase section */
		E04DC0ED29C1595E00C604C8 /* Resources */ = {
			isa = PBXResourcesBuildPhase;
			buildActionMask = 2147483647;
			files = (
				E04DC0FF29C1595F00C604C8 /* LaunchScreen.storyboard in Resources */,
				E019C2F129C203F800867CDB /* Localizable.strings in Resources */,
				E04DC0FC29C1595F00C604C8 /* Assets.xcassets in Resources */,
			);
			runOnlyForDeploymentPostprocessing = 0;
		};
		E04DC10329C1595F00C604C8 /* Resources */ = {
			isa = PBXResourcesBuildPhase;
			buildActionMask = 2147483647;
			files = (
			);
			runOnlyForDeploymentPostprocessing = 0;
		};
		E04DC10D29C1595F00C604C8 /* Resources */ = {
			isa = PBXResourcesBuildPhase;
			buildActionMask = 2147483647;
			files = (
			);
			runOnlyForDeploymentPostprocessing = 0;
		};
/* End PBXResourcesBuildPhase section */

/* Begin PBXSourcesBuildPhase section */
		E04DC0EB29C1595E00C604C8 /* Sources */ = {
			isa = PBXSourcesBuildPhase;
			buildActionMask = 2147483647;
			files = (
				E04DC12729C15A1800C604C8 /* SchoolsDataViewModel.swift in Sources */,
				E019C33629C2BD6600867CDB /* SchoolDataManager.swift in Sources */,
				E04DC12929C15A3700C604C8 /* DataTaskAPIService.swift in Sources */,
				E04DC0F729C1595E00C604C8 /* SchoolDetailViewController.swift in Sources */,
				E04DC0F329C1595E00C604C8 /* AppDelegate.swift in Sources */,
				E04DC12B29C15A5700C604C8 /* Utility.swift in Sources */,
				E019C2F829C254CF00867CDB /* SchoolTableViewCell.swift in Sources */,
				E04DC0F529C1595E00C604C8 /* SceneDelegate.swift in Sources */,
				E04DC12529C159F800C604C8 /* SchoolsListViewController.swift in Sources */,
				E04DC12329C159B100C604C8 /* SchoolDataModel.swift in Sources */,
				E019C2F629C2146F00867CDB /* SchoolExtraDataModel.swift in Sources */,
			);
			runOnlyForDeploymentPostprocessing = 0;
		};
		E04DC10129C1595F00C604C8 /* Sources */ = {
			isa = PBXSourcesBuildPhase;
			buildActionMask = 2147483647;
			files = (
				E04DC10A29C1595F00C604C8 /* NYCSchoolsTests.swift in Sources */,
			);
			runOnlyForDeploymentPostprocessing = 0;
		};
		E04DC10B29C1595F00C604C8 /* Sources */ = {
			isa = PBXSourcesBuildPhase;
			buildActionMask = 2147483647;
			files = (
				E04DC11429C1595F00C604C8 /* NYCSchoolsUITests.swift in Sources */,
				E04DC11629C1595F00C604C8 /* NYCSchoolsUITestsLaunchTests.swift in Sources */,
			);
			runOnlyForDeploymentPostprocessing = 0;
		};
/* End PBXSourcesBuildPhase section */

/* Begin PBXTargetDependency section */
		E04DC10729C1595F00C604C8 /* PBXTargetDependency */ = {
			isa = PBXTargetDependency;
			target = E04DC0EE29C1595E00C604C8 /* NYCSchools */;
			targetProxy = E04DC10629C1595F00C604C8 /* PBXContainerItemProxy */;
		};
		E04DC11129C1595F00C604C8 /* PBXTargetDependency */ = {
			isa = PBXTargetDependency;
			target = E04DC0EE29C1595E00C604C8 /* NYCSchools */;
			targetProxy = E04DC11029C1595F00C604C8 /* PBXContainerItemProxy */;
		};
/* End PBXTargetDependency section */

/* Begin PBXVariantGroup section */
		E019C2F329C203F800867CDB /* Localizable.strings */ = {
			isa = PBXVariantGroup;
			children = (
				E019C2F229C203F800867CDB /* en */,
				E019C2F429C203FB00867CDB /* es */,
			);
			name = Localizable.strings;
			sourceTree = "<group>";
		};
		E04DC0FD29C1595F00C604C8 /* LaunchScreen.storyboard */ = {
			isa = PBXVariantGroup;
			children = (
				E04DC0FE29C1595F00C604C8 /* Base */,
				E019C2EE29C203D300867CDB /* es */,
			);
			name = LaunchScreen.storyboard;
			sourceTree = "<group>";
		};
/* End PBXVariantGroup section */

/* Begin XCBuildConfiguration section */
		E04DC11729C1595F00C604C8 /* Debug */ = {
			isa = XCBuildConfiguration;
			buildSettings = {
				ALWAYS_SEARCH_USER_PATHS = NO;
				CLANG_ANALYZER_LOCALIZABILITY_NONLOCALIZED = YES;
				CLANG_ANALYZER_NONNULL = YES;
				CLANG_ANALYZER_NUMBER_OBJECT_CONVERSION = YES_AGGRESSIVE;
				CLANG_CXX_LANGUAGE_STANDARD = "gnu++20";
				CLANG_ENABLE_MODULES = YES;
				CLANG_ENABLE_OBJC_ARC = YES;
				CLANG_ENABLE_OBJC_WEAK = YES;
				CLANG_WARN_BLOCK_CAPTURE_AUTORELEASING = YES;
				CLANG_WARN_BOOL_CONVERSION = YES;
				CLANG_WARN_COMMA = YES;
				CLANG_WARN_CONSTANT_CONVERSION = YES;
				CLANG_WARN_DEPRECATED_OBJC_IMPLEMENTATIONS = YES;
				CLANG_WARN_DIRECT_OBJC_ISA_USAGE = YES_ERROR;
				CLANG_WARN_DOCUMENTATION_COMMENTS = YES;
				CLANG_WARN_EMPTY_BODY = YES;
				CLANG_WARN_ENUM_CONVERSION = YES;
				CLANG_WARN_INFINITE_RECURSION = YES;
				CLANG_WARN_INT_CONVERSION = YES;
				CLANG_WARN_NON_LITERAL_NULL_CONVERSION = YES;
				CLANG_WARN_OBJC_IMPLICIT_RETAIN_SELF = YES;
				CLANG_WARN_OBJC_LITERAL_CONVERSION = YES;
				CLANG_WARN_OBJC_ROOT_CLASS = YES_ERROR;
				CLANG_WARN_QUOTED_INCLUDE_IN_FRAMEWORK_HEADER = YES;
				CLANG_WARN_RANGE_LOOP_ANALYSIS = YES;
				CLANG_WARN_STRICT_PROTOTYPES = YES;
				CLANG_WARN_SUSPICIOUS_MOVE = YES;
				CLANG_WARN_UNGUARDED_AVAILABILITY = YES_AGGRESSIVE;
				CLANG_WARN_UNREACHABLE_CODE = YES;
				CLANG_WARN__DUPLICATE_METHOD_MATCH = YES;
				COPY_PHASE_STRIP = NO;
				DEBUG_INFORMATION_FORMAT = dwarf;
				ENABLE_STRICT_OBJC_MSGSEND = YES;
				ENABLE_TESTABILITY = YES;
				GCC_C_LANGUAGE_STANDARD = gnu11;
				GCC_DYNAMIC_NO_PIC = NO;
				GCC_NO_COMMON_BLOCKS = YES;
				GCC_OPTIMIZATION_LEVEL = 0;
				GCC_PREPROCESSOR_DEFINITIONS = (
					"DEBUG=1",
					"$(inherited)",
				);
				GCC_WARN_64_TO_32_BIT_CONVERSION = YES;
				GCC_WARN_ABOUT_RETURN_TYPE = YES_ERROR;
				GCC_WARN_UNDECLARED_SELECTOR = YES;
				GCC_WARN_UNINITIALIZED_AUTOS = YES_AGGRESSIVE;
				GCC_WARN_UNUSED_FUNCTION = YES;
				GCC_WARN_UNUSED_VARIABLE = YES;
				IPHONEOS_DEPLOYMENT_TARGET = 16.2;
				MTL_ENABLE_DEBUG_INFO = INCLUDE_SOURCE;
				MTL_FAST_MATH = YES;
				ONLY_ACTIVE_ARCH = YES;
				SDKROOT = iphoneos;
				SWIFT_ACTIVE_COMPILATION_CONDITIONS = DEBUG;
				SWIFT_OPTIMIZATION_LEVEL = "-Onone";
			};
			name = Debug;
		};
		E04DC11829C1595F00C604C8 /* Release */ = {
			isa = XCBuildConfiguration;
			buildSettings = {
				ALWAYS_SEARCH_USER_PATHS = NO;
				CLANG_ANALYZER_LOCALIZABILITY_NONLOCALIZED = YES;
				CLANG_ANALYZER_NONNULL = YES;
				CLANG_ANALYZER_NUMBER_OBJECT_CONVERSION = YES_AGGRESSIVE;
				CLANG_CXX_LANGUAGE_STANDARD = "gnu++20";
				CLANG_ENABLE_MODULES = YES;
				CLANG_ENABLE_OBJC_ARC = YES;
				CLANG_ENABLE_OBJC_WEAK = YES;
				CLANG_WARN_BLOCK_CAPTURE_AUTORELEASING = YES;
				CLANG_WARN_BOOL_CONVERSION = YES;
				CLANG_WARN_COMMA = YES;
				CLANG_WARN_CONSTANT_CONVERSION = YES;
				CLANG_WARN_DEPRECATED_OBJC_IMPLEMENTATIONS = YES;
				CLANG_WARN_DIRECT_OBJC_ISA_USAGE = YES_ERROR;
				CLANG_WARN_DOCUMENTATION_COMMENTS = YES;
				CLANG_WARN_EMPTY_BODY = YES;
				CLANG_WARN_ENUM_CONVERSION = YES;
				CLANG_WARN_INFINITE_RECURSION = YES;
				CLANG_WARN_INT_CONVERSION = YES;
				CLANG_WARN_NON_LITERAL_NULL_CONVERSION = YES;
				CLANG_WARN_OBJC_IMPLICIT_RETAIN_SELF = YES;
				CLANG_WARN_OBJC_LITERAL_CONVERSION = YES;
				CLANG_WARN_OBJC_ROOT_CLASS = YES_ERROR;
				CLANG_WARN_QUOTED_INCLUDE_IN_FRAMEWORK_HEADER = YES;
				CLANG_WARN_RANGE_LOOP_ANALYSIS = YES;
				CLANG_WARN_STRICT_PROTOTYPES = YES;
				CLANG_WARN_SUSPICIOUS_MOVE = YES;
				CLANG_WARN_UNGUARDED_AVAILABILITY = YES_AGGRESSIVE;
				CLANG_WARN_UNREACHABLE_CODE = YES;
				CLANG_WARN__DUPLICATE_METHOD_MATCH = YES;
				COPY_PHASE_STRIP = NO;
				DEBUG_INFORMATION_FORMAT = "dwarf-with-dsym";
				ENABLE_NS_ASSERTIONS = NO;
				ENABLE_STRICT_OBJC_MSGSEND = YES;
				GCC_C_LANGUAGE_STANDARD = gnu11;
				GCC_NO_COMMON_BLOCKS = YES;
				GCC_WARN_64_TO_32_BIT_CONVERSION = YES;
				GCC_WARN_ABOUT_RETURN_TYPE = YES_ERROR;
				GCC_WARN_UNDECLARED_SELECTOR = YES;
				GCC_WARN_UNINITIALIZED_AUTOS = YES_AGGRESSIVE;
				GCC_WARN_UNUSED_FUNCTION = YES;
				GCC_WARN_UNUSED_VARIABLE = YES;
				IPHONEOS_DEPLOYMENT_TARGET = 16.2;
				MTL_ENABLE_DEBUG_INFO = NO;
				MTL_FAST_MATH = YES;
				SDKROOT = iphoneos;
				SWIFT_COMPILATION_MODE = wholemodule;
				SWIFT_OPTIMIZATION_LEVEL = "-O";
				VALIDATE_PRODUCT = YES;
			};
			name = Release;
		};
		E04DC11A29C1595F00C604C8 /* Debug */ = {
			isa = XCBuildConfiguration;
			buildSettings = {
				ASSETCATALOG_COMPILER_APPICON_NAME = AppIcon;
				ASSETCATALOG_COMPILER_GLOBAL_ACCENT_COLOR_NAME = AccentColor;
				CODE_SIGN_STYLE = Automatic;
				CURRENT_PROJECT_VERSION = 1;
				GENERATE_INFOPLIST_FILE = YES;
				INFOPLIST_FILE = NYCSchools/Info.plist;
				INFOPLIST_KEY_UIApplicationSupportsIndirectInputEvents = YES;
				INFOPLIST_KEY_UILaunchStoryboardName = LaunchScreen;
				INFOPLIST_KEY_UIMainStoryboardFile = "";
				INFOPLIST_KEY_UISupportedInterfaceOrientations_iPad = "UIInterfaceOrientationPortrait UIInterfaceOrientationPortraitUpsideDown UIInterfaceOrientationLandscapeLeft UIInterfaceOrientationLandscapeRight";
				INFOPLIST_KEY_UISupportedInterfaceOrientations_iPhone = "UIInterfaceOrientationPortrait UIInterfaceOrientationLandscapeLeft UIInterfaceOrientationLandscapeRight";
				LD_RUNPATH_SEARCH_PATHS = (
					"$(inherited)",
					"@executable_path/Frameworks",
				);
				MARKETING_VERSION = 1.0;
				PRODUCT_BUNDLE_IDENTIFIER = www.sampleApp.NYCSchools;
				PRODUCT_NAME = "$(TARGET_NAME)";
				SWIFT_EMIT_LOC_STRINGS = YES;
				SWIFT_VERSION = 5.0;
				TARGETED_DEVICE_FAMILY = "1,2";
			};
			name = Debug;
		};
		E04DC11B29C1595F00C604C8 /* Release */ = {
			isa = XCBuildConfiguration;
			buildSettings = {
				ASSETCATALOG_COMPILER_APPICON_NAME = AppIcon;
				ASSETCATALOG_COMPILER_GLOBAL_ACCENT_COLOR_NAME = AccentColor;
				CODE_SIGN_STYLE = Automatic;
				CURRENT_PROJECT_VERSION = 1;
				GENERATE_INFOPLIST_FILE = YES;
				INFOPLIST_FILE = NYCSchools/Info.plist;
				INFOPLIST_KEY_UIApplicationSupportsIndirectInputEvents = YES;
				INFOPLIST_KEY_UILaunchStoryboardName = LaunchScreen;
				INFOPLIST_KEY_UIMainStoryboardFile = "";
				INFOPLIST_KEY_UISupportedInterfaceOrientations_iPad = "UIInterfaceOrientationPortrait UIInterfaceOrientationPortraitUpsideDown UIInterfaceOrientationLandscapeLeft UIInterfaceOrientationLandscapeRight";
				INFOPLIST_KEY_UISupportedInterfaceOrientations_iPhone = "UIInterfaceOrientationPortrait UIInterfaceOrientationLandscapeLeft UIInterfaceOrientationLandscapeRight";
				LD_RUNPATH_SEARCH_PATHS = (
					"$(inherited)",
					"@executable_path/Frameworks",
				);
				MARKETING_VERSION = 1.0;
				PRODUCT_BUNDLE_IDENTIFIER = www.sampleApp.NYCSchools;
				PRODUCT_NAME = "$(TARGET_NAME)";
				SWIFT_EMIT_LOC_STRINGS = YES;
				SWIFT_VERSION = 5.0;
				TARGETED_DEVICE_FAMILY = "1,2";
			};
			name = Release;
		};
		E04DC11D29C1595F00C604C8 /* Debug */ = {
			isa = XCBuildConfiguration;
			buildSettings = {
				ALWAYS_EMBED_SWIFT_STANDARD_LIBRARIES = YES;
				BUNDLE_LOADER = "$(TEST_HOST)";
				CODE_SIGN_STYLE = Automatic;
				CURRENT_PROJECT_VERSION = 1;
				GENERATE_INFOPLIST_FILE = YES;
				IPHONEOS_DEPLOYMENT_TARGET = 16.2;
				MARKETING_VERSION = 1.0;
				PRODUCT_BUNDLE_IDENTIFIER = www.sampleApp.NYCSchoolsTests;
				PRODUCT_NAME = "$(TARGET_NAME)";
				SWIFT_EMIT_LOC_STRINGS = NO;
				SWIFT_VERSION = 5.0;
				TARGETED_DEVICE_FAMILY = "1,2";
				TEST_HOST = "$(BUILT_PRODUCTS_DIR)/NYCSchools.app/$(BUNDLE_EXECUTABLE_FOLDER_PATH)/NYCSchools";
			};
			name = Debug;
		};
		E04DC11E29C1595F00C604C8 /* Release */ = {
			isa = XCBuildConfiguration;
			buildSettings = {
				ALWAYS_EMBED_SWIFT_STANDARD_LIBRARIES = YES;
				BUNDLE_LOADER = "$(TEST_HOST)";
				CODE_SIGN_STYLE = Automatic;
				CURRENT_PROJECT_VERSION = 1;
				GENERATE_INFOPLIST_FILE = YES;
				IPHONEOS_DEPLOYMENT_TARGET = 16.2;
				MARKETING_VERSION = 1.0;
				PRODUCT_BUNDLE_IDENTIFIER = www.sampleApp.NYCSchoolsTests;
				PRODUCT_NAME = "$(TARGET_NAME)";
				SWIFT_EMIT_LOC_STRINGS = NO;
				SWIFT_VERSION = 5.0;
				TARGETED_DEVICE_FAMILY = "1,2";
				TEST_HOST = "$(BUILT_PRODUCTS_DIR)/NYCSchools.app/$(BUNDLE_EXECUTABLE_FOLDER_PATH)/NYCSchools";
			};
			name = Release;
		};
		E04DC12029C1595F00C604C8 /* Debug */ = {
			isa = XCBuildConfiguration;
			buildSettings = {
				ALWAYS_EMBED_SWIFT_STANDARD_LIBRARIES = YES;
				CODE_SIGN_STYLE = Automatic;
				CURRENT_PROJECT_VERSION = 1;
				GENERATE_INFOPLIST_FILE = YES;
				MARKETING_VERSION = 1.0;
				PRODUCT_BUNDLE_IDENTIFIER = www.sampleApp.NYCSchoolsUITests;
				PRODUCT_NAME = "$(TARGET_NAME)";
				SWIFT_EMIT_LOC_STRINGS = NO;
				SWIFT_VERSION = 5.0;
				TARGETED_DEVICE_FAMILY = "1,2";
				TEST_TARGET_NAME = NYCSchools;
			};
			name = Debug;
		};
		E04DC12129C1595F00C604C8 /* Release */ = {
			isa = XCBuildConfiguration;
			buildSettings = {
				ALWAYS_EMBED_SWIFT_STANDARD_LIBRARIES = YES;
				CODE_SIGN_STYLE = Automatic;
				CURRENT_PROJECT_VERSION = 1;
				GENERATE_INFOPLIST_FILE = YES;
				MARKETING_VERSION = 1.0;
				PRODUCT_BUNDLE_IDENTIFIER = www.sampleApp.NYCSchoolsUITests;
				PRODUCT_NAME = "$(TARGET_NAME)";
				SWIFT_EMIT_LOC_STRINGS = NO;
				SWIFT_VERSION = 5.0;
				TARGETED_DEVICE_FAMILY = "1,2";
				TEST_TARGET_NAME = NYCSchools;
			};
			name = Release;
		};
		E04DC13229C15F2300C604C8 /* Dev */ = {
			isa = XCBuildConfiguration;
			baseConfigurationReference = E04DC13129C15CF400C604C8 /* DevConfig.xcconfig */;
			buildSettings = {
				ALWAYS_SEARCH_USER_PATHS = NO;
				CLANG_ANALYZER_LOCALIZABILITY_NONLOCALIZED = YES;
				CLANG_ANALYZER_NONNULL = YES;
				CLANG_ANALYZER_NUMBER_OBJECT_CONVERSION = YES_AGGRESSIVE;
				CLANG_CXX_LANGUAGE_STANDARD = "gnu++20";
				CLANG_ENABLE_MODULES = YES;
				CLANG_ENABLE_OBJC_ARC = YES;
				CLANG_ENABLE_OBJC_WEAK = YES;
				CLANG_WARN_BLOCK_CAPTURE_AUTORELEASING = YES;
				CLANG_WARN_BOOL_CONVERSION = YES;
				CLANG_WARN_COMMA = YES;
				CLANG_WARN_CONSTANT_CONVERSION = YES;
				CLANG_WARN_DEPRECATED_OBJC_IMPLEMENTATIONS = YES;
				CLANG_WARN_DIRECT_OBJC_ISA_USAGE = YES_ERROR;
				CLANG_WARN_DOCUMENTATION_COMMENTS = YES;
				CLANG_WARN_EMPTY_BODY = YES;
				CLANG_WARN_ENUM_CONVERSION = YES;
				CLANG_WARN_INFINITE_RECURSION = YES;
				CLANG_WARN_INT_CONVERSION = YES;
				CLANG_WARN_NON_LITERAL_NULL_CONVERSION = YES;
				CLANG_WARN_OBJC_IMPLICIT_RETAIN_SELF = YES;
				CLANG_WARN_OBJC_LITERAL_CONVERSION = YES;
				CLANG_WARN_OBJC_ROOT_CLASS = YES_ERROR;
				CLANG_WARN_QUOTED_INCLUDE_IN_FRAMEWORK_HEADER = YES;
				CLANG_WARN_RANGE_LOOP_ANALYSIS = YES;
				CLANG_WARN_STRICT_PROTOTYPES = YES;
				CLANG_WARN_SUSPICIOUS_MOVE = YES;
				CLANG_WARN_UNGUARDED_AVAILABILITY = YES_AGGRESSIVE;
				CLANG_WARN_UNREACHABLE_CODE = YES;
				CLANG_WARN__DUPLICATE_METHOD_MATCH = YES;
				COPY_PHASE_STRIP = NO;
				DEBUG_INFORMATION_FORMAT = dwarf;
				ENABLE_STRICT_OBJC_MSGSEND = YES;
				ENABLE_TESTABILITY = YES;
				GCC_C_LANGUAGE_STANDARD = gnu11;
				GCC_DYNAMIC_NO_PIC = NO;
				GCC_NO_COMMON_BLOCKS = YES;
				GCC_OPTIMIZATION_LEVEL = 0;
				GCC_PREPROCESSOR_DEFINITIONS = (
					"DEBUG=1",
					"$(inherited)",
				);
				GCC_WARN_64_TO_32_BIT_CONVERSION = YES;
				GCC_WARN_ABOUT_RETURN_TYPE = YES_ERROR;
				GCC_WARN_UNDECLARED_SELECTOR = YES;
				GCC_WARN_UNINITIALIZED_AUTOS = YES_AGGRESSIVE;
				GCC_WARN_UNUSED_FUNCTION = YES;
				GCC_WARN_UNUSED_VARIABLE = YES;
				IPHONEOS_DEPLOYMENT_TARGET = 16.2;
				MTL_ENABLE_DEBUG_INFO = INCLUDE_SOURCE;
				MTL_FAST_MATH = YES;
				ONLY_ACTIVE_ARCH = YES;
				SDKROOT = iphoneos;
				SWIFT_ACTIVE_COMPILATION_CONDITIONS = DEBUG;
				SWIFT_OPTIMIZATION_LEVEL = "-Onone";
			};
			name = Dev;
		};
		E04DC13329C15F2300C604C8 /* Dev */ = {
			isa = XCBuildConfiguration;
			buildSettings = {
				ASSETCATALOG_COMPILER_APPICON_NAME = AppIcon;
				ASSETCATALOG_COMPILER_GLOBAL_ACCENT_COLOR_NAME = AccentColor;
				CODE_SIGN_STYLE = Automatic;
				CURRENT_PROJECT_VERSION = 1;
				GENERATE_INFOPLIST_FILE = YES;
				INFOPLIST_FILE = NYCSchools/Info.plist;
				INFOPLIST_KEY_UIApplicationSupportsIndirectInputEvents = YES;
				INFOPLIST_KEY_UILaunchStoryboardName = LaunchScreen;
				INFOPLIST_KEY_UIMainStoryboardFile = "";
				INFOPLIST_KEY_UISupportedInterfaceOrientations_iPad = "UIInterfaceOrientationPortrait UIInterfaceOrientationPortraitUpsideDown UIInterfaceOrientationLandscapeLeft UIInterfaceOrientationLandscapeRight";
				INFOPLIST_KEY_UISupportedInterfaceOrientations_iPhone = "UIInterfaceOrientationPortrait UIInterfaceOrientationLandscapeLeft UIInterfaceOrientationLandscapeRight";
				LD_RUNPATH_SEARCH_PATHS = (
					"$(inherited)",
					"@executable_path/Frameworks",
				);
				MARKETING_VERSION = 1.0;
				PRODUCT_BUNDLE_IDENTIFIER = www.sampleApp.NYCSchools;
				PRODUCT_NAME = "$(TARGET_NAME)";
				SWIFT_EMIT_LOC_STRINGS = YES;
				SWIFT_VERSION = 5.0;
				TARGETED_DEVICE_FAMILY = "1,2";
			};
			name = Dev;
		};
		E04DC13429C15F2300C604C8 /* Dev */ = {
			isa = XCBuildConfiguration;
			buildSettings = {
				ALWAYS_EMBED_SWIFT_STANDARD_LIBRARIES = YES;
				BUNDLE_LOADER = "$(TEST_HOST)";
				CODE_SIGN_STYLE = Automatic;
				CURRENT_PROJECT_VERSION = 1;
				GENERATE_INFOPLIST_FILE = YES;
				IPHONEOS_DEPLOYMENT_TARGET = 16.2;
				MARKETING_VERSION = 1.0;
				PRODUCT_BUNDLE_IDENTIFIER = www.sampleApp.NYCSchoolsTests;
				PRODUCT_NAME = "$(TARGET_NAME)";
				SWIFT_EMIT_LOC_STRINGS = NO;
				SWIFT_VERSION = 5.0;
				TARGETED_DEVICE_FAMILY = "1,2";
				TEST_HOST = "$(BUILT_PRODUCTS_DIR)/NYCSchools.app/$(BUNDLE_EXECUTABLE_FOLDER_PATH)/NYCSchools";
			};
			name = Dev;
		};
		E04DC13529C15F2300C604C8 /* Dev */ = {
			isa = XCBuildConfiguration;
			buildSettings = {
				ALWAYS_EMBED_SWIFT_STANDARD_LIBRARIES = YES;
				CODE_SIGN_STYLE = Automatic;
				CURRENT_PROJECT_VERSION = 1;
				GENERATE_INFOPLIST_FILE = YES;
				MARKETING_VERSION = 1.0;
				PRODUCT_BUNDLE_IDENTIFIER = www.sampleApp.NYCSchoolsUITests;
				PRODUCT_NAME = "$(TARGET_NAME)";
				SWIFT_EMIT_LOC_STRINGS = NO;
				SWIFT_VERSION = 5.0;
				TARGETED_DEVICE_FAMILY = "1,2";
				TEST_TARGET_NAME = NYCSchools;
			};
			name = Dev;
		};
		E04DC13629C15F3400C604C8 /* Prod */ = {
			isa = XCBuildConfiguration;
			baseConfigurationReference = E04DC13029C15CDB00C604C8 /* ProdConfig.xcconfig */;
			buildSettings = {
				ALWAYS_SEARCH_USER_PATHS = NO;
				CLANG_ANALYZER_LOCALIZABILITY_NONLOCALIZED = YES;
				CLANG_ANALYZER_NONNULL = YES;
				CLANG_ANALYZER_NUMBER_OBJECT_CONVERSION = YES_AGGRESSIVE;
				CLANG_CXX_LANGUAGE_STANDARD = "gnu++20";
				CLANG_ENABLE_MODULES = YES;
				CLANG_ENABLE_OBJC_ARC = YES;
				CLANG_ENABLE_OBJC_WEAK = YES;
				CLANG_WARN_BLOCK_CAPTURE_AUTORELEASING = YES;
				CLANG_WARN_BOOL_CONVERSION = YES;
				CLANG_WARN_COMMA = YES;
				CLANG_WARN_CONSTANT_CONVERSION = YES;
				CLANG_WARN_DEPRECATED_OBJC_IMPLEMENTATIONS = YES;
				CLANG_WARN_DIRECT_OBJC_ISA_USAGE = YES_ERROR;
				CLANG_WARN_DOCUMENTATION_COMMENTS = YES;
				CLANG_WARN_EMPTY_BODY = YES;
				CLANG_WARN_ENUM_CONVERSION = YES;
				CLANG_WARN_INFINITE_RECURSION = YES;
				CLANG_WARN_INT_CONVERSION = YES;
				CLANG_WARN_NON_LITERAL_NULL_CONVERSION = YES;
				CLANG_WARN_OBJC_IMPLICIT_RETAIN_SELF = YES;
				CLANG_WARN_OBJC_LITERAL_CONVERSION = YES;
				CLANG_WARN_OBJC_ROOT_CLASS = YES_ERROR;
				CLANG_WARN_QUOTED_INCLUDE_IN_FRAMEWORK_HEADER = YES;
				CLANG_WARN_RANGE_LOOP_ANALYSIS = YES;
				CLANG_WARN_STRICT_PROTOTYPES = YES;
				CLANG_WARN_SUSPICIOUS_MOVE = YES;
				CLANG_WARN_UNGUARDED_AVAILABILITY = YES_AGGRESSIVE;
				CLANG_WARN_UNREACHABLE_CODE = YES;
				CLANG_WARN__DUPLICATE_METHOD_MATCH = YES;
				COPY_PHASE_STRIP = NO;
				DEBUG_INFORMATION_FORMAT = "dwarf-with-dsym";
				ENABLE_NS_ASSERTIONS = NO;
				ENABLE_STRICT_OBJC_MSGSEND = YES;
				GCC_C_LANGUAGE_STANDARD = gnu11;
				GCC_NO_COMMON_BLOCKS = YES;
				GCC_WARN_64_TO_32_BIT_CONVERSION = YES;
				GCC_WARN_ABOUT_RETURN_TYPE = YES_ERROR;
				GCC_WARN_UNDECLARED_SELECTOR = YES;
				GCC_WARN_UNINITIALIZED_AUTOS = YES_AGGRESSIVE;
				GCC_WARN_UNUSED_FUNCTION = YES;
				GCC_WARN_UNUSED_VARIABLE = YES;
				IPHONEOS_DEPLOYMENT_TARGET = 16.2;
				MTL_ENABLE_DEBUG_INFO = NO;
				MTL_FAST_MATH = YES;
				SDKROOT = iphoneos;
				SWIFT_COMPILATION_MODE = wholemodule;
				SWIFT_OPTIMIZATION_LEVEL = "-O";
				VALIDATE_PRODUCT = YES;
			};
			name = Prod;
		};
		E04DC13729C15F3400C604C8 /* Prod */ = {
			isa = XCBuildConfiguration;
			buildSettings = {
				ASSETCATALOG_COMPILER_APPICON_NAME = AppIcon;
				ASSETCATALOG_COMPILER_GLOBAL_ACCENT_COLOR_NAME = AccentColor;
				CODE_SIGN_STYLE = Automatic;
				CURRENT_PROJECT_VERSION = 1;
				GENERATE_INFOPLIST_FILE = YES;
				INFOPLIST_FILE = NYCSchools/Info.plist;
				INFOPLIST_KEY_UIApplicationSupportsIndirectInputEvents = YES;
				INFOPLIST_KEY_UILaunchStoryboardName = LaunchScreen;
				INFOPLIST_KEY_UIMainStoryboardFile = "";
				INFOPLIST_KEY_UISupportedInterfaceOrientations_iPad = "UIInterfaceOrientationPortrait UIInterfaceOrientationPortraitUpsideDown UIInterfaceOrientationLandscapeLeft UIInterfaceOrientationLandscapeRight";
				INFOPLIST_KEY_UISupportedInterfaceOrientations_iPhone = "UIInterfaceOrientationPortrait UIInterfaceOrientationLandscapeLeft UIInterfaceOrientationLandscapeRight";
				LD_RUNPATH_SEARCH_PATHS = (
					"$(inherited)",
					"@executable_path/Frameworks",
				);
				MARKETING_VERSION = 1.0;
				PRODUCT_BUNDLE_IDENTIFIER = www.sampleApp.NYCSchools;
				PRODUCT_NAME = "$(TARGET_NAME)";
				SWIFT_EMIT_LOC_STRINGS = YES;
				SWIFT_VERSION = 5.0;
				TARGETED_DEVICE_FAMILY = "1,2";
			};
			name = Prod;
		};
		E04DC13829C15F3400C604C8 /* Prod */ = {
			isa = XCBuildConfiguration;
			buildSettings = {
				ALWAYS_EMBED_SWIFT_STANDARD_LIBRARIES = YES;
				BUNDLE_LOADER = "$(TEST_HOST)";
				CODE_SIGN_STYLE = Automatic;
				CURRENT_PROJECT_VERSION = 1;
				GENERATE_INFOPLIST_FILE = YES;
				IPHONEOS_DEPLOYMENT_TARGET = 16.2;
				MARKETING_VERSION = 1.0;
				PRODUCT_BUNDLE_IDENTIFIER = www.sampleApp.NYCSchoolsTests;
				PRODUCT_NAME = "$(TARGET_NAME)";
				SWIFT_EMIT_LOC_STRINGS = NO;
				SWIFT_VERSION = 5.0;
				TARGETED_DEVICE_FAMILY = "1,2";
				TEST_HOST = "$(BUILT_PRODUCTS_DIR)/NYCSchools.app/$(BUNDLE_EXECUTABLE_FOLDER_PATH)/NYCSchools";
			};
			name = Prod;
		};
		E04DC13929C15F3400C604C8 /* Prod */ = {
			isa = XCBuildConfiguration;
			buildSettings = {
				ALWAYS_EMBED_SWIFT_STANDARD_LIBRARIES = YES;
				CODE_SIGN_STYLE = Automatic;
				CURRENT_PROJECT_VERSION = 1;
				GENERATE_INFOPLIST_FILE = YES;
				MARKETING_VERSION = 1.0;
				PRODUCT_BUNDLE_IDENTIFIER = www.sampleApp.NYCSchoolsUITests;
				PRODUCT_NAME = "$(TARGET_NAME)";
				SWIFT_EMIT_LOC_STRINGS = NO;
				SWIFT_VERSION = 5.0;
				TARGETED_DEVICE_FAMILY = "1,2";
				TEST_TARGET_NAME = NYCSchools;
			};
			name = Prod;
		};
/* End XCBuildConfiguration section */

/* Begin XCConfigurationList section */
		E04DC0EA29C1595E00C604C8 /* Build configuration list for PBXProject "NYCSchools" */ = {
			isa = XCConfigurationList;
			buildConfigurations = (
				E04DC11729C1595F00C604C8 /* Debug */,
				E04DC13229C15F2300C604C8 /* Dev */,
				E04DC11829C1595F00C604C8 /* Release */,
				E04DC13629C15F3400C604C8 /* Prod */,
			);
			defaultConfigurationIsVisible = 0;
			defaultConfigurationName = Release;
		};
		E04DC11929C1595F00C604C8 /* Build configuration list for PBXNativeTarget "NYCSchools" */ = {
			isa = XCConfigurationList;
			buildConfigurations = (
				E04DC11A29C1595F00C604C8 /* Debug */,
				E04DC13329C15F2300C604C8 /* Dev */,
				E04DC11B29C1595F00C604C8 /* Release */,
				E04DC13729C15F3400C604C8 /* Prod */,
			);
			defaultConfigurationIsVisible = 0;
			defaultConfigurationName = Release;
		};
		E04DC11C29C1595F00C604C8 /* Build configuration list for PBXNativeTarget "NYCSchoolsTests" */ = {
			isa = XCConfigurationList;
			buildConfigurations = (
				E04DC11D29C1595F00C604C8 /* Debug */,
				E04DC13429C15F2300C604C8 /* Dev */,
				E04DC11E29C1595F00C604C8 /* Release */,
				E04DC13829C15F3400C604C8 /* Prod */,
			);
			defaultConfigurationIsVisible = 0;
			defaultConfigurationName = Release;
		};
		E04DC11F29C1595F00C604C8 /* Build configuration list for PBXNativeTarget "NYCSchoolsUITests" */ = {
			isa = XCConfigurationList;
			buildConfigurations = (
				E04DC12029C1595F00C604C8 /* Debug */,
				E04DC13529C15F2300C604C8 /* Dev */,
				E04DC12129C1595F00C604C8 /* Release */,
				E04DC13929C15F3400C604C8 /* Prod */,
			);
			defaultConfigurationIsVisible = 0;
			defaultConfigurationName = Release;
		};
/* End XCConfigurationList section */
	};
	rootObject = E04DC0E729C1595E00C604C8 /* Project object */;
}
